PODS:
  - Alamofire (4.9.1)
  - iOSSnapshotTestCase (2.2.0):
    - iOSSnapshotTestCase/SwiftSupport (= 2.2.0)
  - iOSSnapshotTestCase/Core (2.2.0)
  - iOSSnapshotTestCase/SwiftSupport (2.2.0):
    - iOSSnapshotTestCase/Core
  - KVNProgress (2.2.2)
  - Observable (2.0.1)
  - PromiseKit/Alamofire (6.12.0):
    - Alamofire (~> 4.0)
    - PromiseKit/CorePromise
  - PromiseKit/CorePromise (6.12.0)
  - R.swift (5.0.3):
    - R.swift.Library (~> 5.0.0)
  - R.swift.Library (5.0.1)
  - Swifter (1.4.7)
  - SwiftFormat/CLI (0.44.4)
  - SwiftLint (0.39.1)
  - Swinject (2.7.1)
  - "UITextView+Placeholder (1.3.3)"

DEPENDENCIES:
  - Alamofire
  - iOSSnapshotTestCase
  - KVNProgress
  - Observable
  - PromiseKit/Alamofire
  - R.swift
  - Swifter (~> 1.4.7)
  - SwiftFormat/CLI
  - SwiftLint
  - Swinject
  - "UITextView+Placeholder"

SPEC REPOS:
  https://github.com/CocoaPods/Specs.git:
    - Alamofire
    - iOSSnapshotTestCase
    - KVNProgress
    - Observable
    - PromiseKit
    - R.swift
    - R.swift.Library
    - Swifter
    - SwiftFormat
    - SwiftLint
    - Swinject
    - "UITextView+Placeholder"

SPEC CHECKSUMS:
  Alamofire: 85e8a02c69d6020a0d734f6054870d7ecb75cf18
  iOSSnapshotTestCase: 415bd84f9dbba4ff45fede49d800bc7332fbedac
  KVNProgress: 4697347e21e37fdaa5264ebc24e377c205a50328
  Observable: c94150db5a2e43391d46a247bd395ce1a544b81a
  PromiseKit: c06835ba442ce5454ce3cdde470232804a6e4ff8
  R.swift: f5a87643b91ea569d23d6afb3eee9c743edde239
  R.swift.Library: cfe85d569d9bae6cb262922db130e7c3a7a5fad1
  Swifter: 2327ef5d872c638aebab79646ce494af508b0c8f
  SwiftFormat: 8b3c6b69454305a61c221355095f62dacc0811bf
  SwiftLint: 55e96a4a4d537d4a3156859fc1c54bd24851a046
  Swinject: ddf78b8486dd9b71a667b852cad919ab4484478e
  "UITextView+Placeholder": c407b27599ea23cca425946fee3cf1db5d547008

PODFILE CHECKSUM: 4e9729994c2c821ed40a142206140b105c0082cb

COCOAPODS: 1.9.3
