PODS:
  - AFNetworking (2.3.1):
    - AFNetworking/NSURLConnection (= 2.3.1)
    - AFNetworking/NSURLSession (= 2.3.1)
    - AFNetworking/Reachability (= 2.3.1)
    - AFNetworking/Security (= 2.3.1)
    - AFNetworking/Serialization (= 2.3.1)
    - AFNetworking/UIKit (= 2.3.1)
  - AFNetworking/NSURLConnection (2.3.1):
    - AFNetworking/Reachability
    - AFNetworking/Security
    - AFNetworking/Serialization
  - AFNetworking/NSURLSession (2.3.1):
    - AFNetworking/Reachability
    - AFNetworking/Security
    - AFNetworking/Serialization
  - AFNetworking/Reachability (2.3.1)
  - AFNetworking/Security (2.3.1)
  - AFNetworking/Serialization (2.3.1)
  - AFNetworking/UIKit (2.3.1):
    - AFNetworking/NSURLConnection
    - AFNetworking/NSURLSession
  - Alamofire (4.9.1)
  - iOSSnapshotTestCase (2.2.0):
    - iOSSnapshotTestCase/SwiftSupport (= 2.2.0)
  - iOSSnapshotTestCase/Core (2.2.0)
  - iOSSnapshotTestCase/SwiftSupport (2.2.0):
    - iOSSnapshotTestCase/Core
  - KVNProgress (2.2.2)
  - Objection (1.4)
  - PromiseKit/Alamofire (6.12.0):
    - Alamofire (~> 4.0)
    - PromiseKit/CorePromise
  - PromiseKit/CorePromise (6.12.0)
  - R.swift (5.0.3):
    - R.swift.Library (~> 5.0.0)
  - R.swift.Library (5.0.1)
  - Swifter (1.4.7)
  - Swinject (2.7.1)
  - "UITextView+Placeholder (1.3.3)"

DEPENDENCIES:
  - AFNetworking (= 2.3.1)
  - Alamofire
  - iOSSnapshotTestCase
  - KVNProgress
  - Objection (= 1.4)
  - PromiseKit/Alamofire
  - R.swift
  - Swifter (~> 1.4.7)
  - Swinject
  - "UITextView+Placeholder"

SPEC REPOS:
  https://github.com/CocoaPods/Specs.git:
    - AFNetworking
    - Alamofire
    - iOSSnapshotTestCase
    - KVNProgress
    - Objection
    - PromiseKit
    - R.swift
    - R.swift.Library
    - Swifter
    - Swinject
    - "UITextView+Placeholder"

SPEC CHECKSUMS:
  AFNetworking: 05b9f6e3aa5ac45bc383b4bb108ef338080a26c7
  Alamofire: 85e8a02c69d6020a0d734f6054870d7ecb75cf18
  iOSSnapshotTestCase: 415bd84f9dbba4ff45fede49d800bc7332fbedac
  KVNProgress: 4697347e21e37fdaa5264ebc24e377c205a50328
  Objection: aa9875dbf1b121a077f7e13d504a6ed01816a7f1
  PromiseKit: c06835ba442ce5454ce3cdde470232804a6e4ff8
  R.swift: f5a87643b91ea569d23d6afb3eee9c743edde239
  R.swift.Library: cfe85d569d9bae6cb262922db130e7c3a7a5fad1
  Swifter: 2327ef5d872c638aebab79646ce494af508b0c8f
  Swinject: ddf78b8486dd9b71a667b852cad919ab4484478e
  "UITextView+Placeholder": c407b27599ea23cca425946fee3cf1db5d547008

PODFILE CHECKSUM: 4b0a8d17e98e5356ea800c40d7837506b095113f

COCOAPODS: 1.9.0
